# Generated by pub
# See https://dart.dev/tools/pub/glossary#lockfile
packages:
  animations:
    dependency: "direct main"
    description:
      name: animations
      sha256: b8c936e61719a595bebdd6291c591e7b104d0ab9d471627d532746b2b279a4f2
      url: "https://pub.dev"
    source: hosted
    version: "2.0.0"
  archive:
    dependency: transitive
    description:
      name: archive
      sha256: a92e39b291073bb840a72cf43d96d2a63c74e9a485d227833e8ea0054d16ad16
      url: "https://pub.dev"
    source: hosted
    version: "3.1.2"
  args:
    dependency: transitive
    description:
      name: args
      sha256: eef6c46b622e0494a36c5a12d10d77fb4e855501a91c1b9ef9339326e58f0596
      url: "https://pub.dev"
    source: hosted
    version: "2.4.2"
  async:
    dependency: transitive
    description:
      name: async
      sha256: bfe67ef28df125b7dddcea62755991f807aa39a2492a23e1550161692950bbe0
      url: "https://pub.dev"
    source: hosted
    version: "2.10.0"
  blue_thermal_printer:
    dependency: "direct main"
    description:
      path: "."
      ref: master
      resolved-ref: ac6232bb3ba6e451e04a7c9a5209285faf6ab9d9
      url: "git://github.com/tcd93/blue_thermal_printer"
    source: git
    version: "2.0.0"
  boolean_selector:
    dependency: transitive
    description:
      name: boolean_selector
      sha256: "6cfb5af12253eaf2b368f07bacc5a80d1301a071c73360d746b7f2e32d762c66"
      url: "https://pub.dev"
    source: hosted
    version: "2.1.1"
  characters:
    dependency: transitive
    description:
      name: characters
      sha256: e6a326c8af69605aec75ed6c187d06b349707a27fbff8222ca9cc2cff167975c
      url: "https://pub.dev"
    source: hosted
    version: "1.2.1"
  charcode:
    dependency: transitive
    description:
      name: charcode
      sha256: fb98c0f6d12c920a02ee2d998da788bca066ca5f148492b7085ee23372b12306
      url: "https://pub.dev"
    source: hosted
    version: "1.3.1"
  checked_yaml:
    dependency: transitive
    description:
      name: checked_yaml
      sha256: feb6bed21949061731a7a75fc5d2aa727cf160b91af9a3e464c5e3a32e28b5ff
      url: "https://pub.dev"
    source: hosted
    version: "2.0.3"
  cli_util:
    dependency: transitive
    description:
      name: cli_util
      sha256: b8db3080e59b2503ca9e7922c3df2072cf13992354d5e944074ffa836fba43b7
      url: "https://pub.dev"
    source: hosted
    version: "0.4.0"
  clock:
    dependency: transitive
    description:
      name: clock
      sha256: cb6d7f03e1de671e34607e909a7213e31d7752be4fb66a86d29fe1eb14bfb5cf
      url: "https://pub.dev"
    source: hosted
    version: "1.1.1"
  collection:
    dependency: transitive
    description:
      name: collection
      sha256: cfc915e6923fe5ce6e153b0723c753045de46de1b4d63771530504004a45fae0
      url: "https://pub.dev"
    source: hosted
    version: "1.17.0"
  crypto:
    dependency: transitive
    description:
      name: crypto
      sha256: cf75650c66c0316274e21d7c43d3dea246273af5955bd94e8184837cd577575c
      url: "https://pub.dev"
    source: hosted
    version: "3.0.1"
  date_range_picker:
    dependency: "direct main"
    description:
      path: "."
      ref: master
      resolved-ref: "645d99bfaefe289fe474c248bbfa09a0103f4787"
      url: "git://github.com/tcd93/date_range_picker"
    source: git
    version: "2.0.1"
  equatable:
    dependency: transitive
    description:
      name: equatable
      sha256: "8867afc0f09dd9aff976817fbd94e9a35a3a2e58bef3b39a5376918321ec97a4"
      url: "https://pub.dev"
    source: hosted
    version: "2.0.0"
  fake_async:
    dependency: transitive
    description:
      name: fake_async
      sha256: "511392330127add0b769b75a987850d136345d9227c6b94c96a04cf4a391bf78"
      url: "https://pub.dev"
    source: hosted
    version: "1.3.1"
  ffi:
    dependency: transitive
    description:
      name: ffi
      sha256: d97fffd9d86f3dccc7a9059128b468a99320c69007cc9d41a3a1bda07d4e86dc
      url: "https://pub.dev"
    source: hosted
    version: "1.0.0"
  file:
    dependency: transitive
    description:
      name: file
      sha256: "9fd2163d866769f60f4df8ac1dc59f52498d810c356fe78022e383dd3c57c0e1"
      url: "https://pub.dev"
    source: hosted
    version: "6.1.0"
  fl_chart:
    dependency: "direct main"
    description:
      name: fl_chart
      sha256: "85f742db29ac9f6b96a1f12bea6bee5ce368e6a271bc619ceb2a081327c27e6a"
      url: "https://pub.dev"
    source: hosted
    version: "0.36.1"
  flutter:
    dependency: "direct main"
    description: flutter
    source: sdk
    version: "0.0.0"
  flutter_launcher_icons:
    dependency: "direct dev"
    description:
      name: flutter_launcher_icons
      sha256: "526faf84284b86a4cb36d20a5e45147747b7563d921373d4ee0559c54fcdbcea"
      url: "https://pub.dev"
    source: hosted
    version: "0.13.1"
  flutter_localizations:
    dependency: "direct main"
    description: flutter
    source: sdk
    version: "0.0.0"
  flutter_plugin_android_lifecycle:
    dependency: transitive
    description:
      name: flutter_plugin_android_lifecycle
      sha256: "6f25e9e30df26b3971041847c9106c5a037e72517c8e6514ada99ca42e07e2c7"
      url: "https://pub.dev"
    source: hosted
    version: "2.0.1"
  flutter_test:
    dependency: "direct dev"
    description: flutter
    source: sdk
    version: "0.0.0"
  flutter_web_plugins:
    dependency: transitive
    description: flutter
    source: sdk
    version: "0.0.0"
  google_fonts:
    dependency: "direct main"
    description:
      name: google_fonts
      sha256: c31d49dfbcef1a84592128d2d9e8767eebf5a919ac1e6f77d14dc36790ef1639
      url: "https://pub.dev"
    source: hosted
    version: "2.1.0"
  http:
    dependency: transitive
    description:
      name: http
      sha256: b6f1f143a71e1fe1b34670f1acd6f13960ade2557c96b87e127e0cf661969791
      url: "https://pub.dev"
    source: hosted
    version: "0.13.3"
  http_parser:
    dependency: transitive
    description:
      name: http_parser
      sha256: e362d639ba3bc07d5a71faebb98cde68c05bfbcfbbb444b60b6f60bb67719185
      url: "https://pub.dev"
    source: hosted
    version: "4.0.0"
  image:
    dependency: transitive
    description:
      name: image
      sha256: a72242c9a0ffb65d03de1b7113bc4e189686fc07c7147b8b41811d0dd0e0d9bf
      url: "https://pub.dev"
    source: hosted
    version: "4.0.17"
  image_picker:
    dependency: "direct main"
    description:
      name: image_picker
      sha256: "27290bdbba0934d8b9b5c4e753f70e3ae823ac822cf77c297c33c59db516a32c"
      url: "https://pub.dev"
    source: hosted
    version: "0.7.5+2"
  image_picker_for_web:
    dependency: "direct main"
    description:
      name: image_picker_for_web
      sha256: "3a19a450114c989183d82345afdfb570056cdffe889f4e75539d558382f7bdbc"
      url: "https://pub.dev"
    source: hosted
    version: "2.0.0"
  image_picker_platform_interface:
    dependency: transitive
    description:
      name: image_picker_platform_interface
      sha256: a215b240f605e616c76ce8ee3ac792726238a4b416c4b7f5c596f72bdb6e8df1
      url: "https://pub.dev"
    source: hosted
    version: "2.1.0"
  intl:
    dependency: "direct main"
    description:
      name: intl
      sha256: "910f85bce16fb5c6f614e117efa303e85a1731bb0081edf3604a2ae6e9a3cc91"
      url: "https://pub.dev"
    source: hosted
    version: "0.17.0"
  js:
    dependency: transitive
    description:
      name: js
      sha256: "5528c2f391ededb7775ec1daa69e65a2d61276f7552de2b5f7b8d34ee9fd4ab7"
      url: "https://pub.dev"
    source: hosted
    version: "0.6.5"
  json_annotation:
    dependency: transitive
    description:
      name: json_annotation
      sha256: b10a7b2ff83d83c777edba3c6a0f97045ddadd56c944e1a23a3fdf43a1bf4467
      url: "https://pub.dev"
    source: hosted
    version: "4.8.1"
  localstorage:
    dependency: "direct main"
    description:
      path: "."
      ref: master
      resolved-ref: "710456f97e00f4330cf44126442f2be825988893"
      url: "git://github.com/tcd93/flutter_localstorage"
    source: git
    version: "4.0.0+1"
  matcher:
    dependency: transitive
    description:
      name: matcher
      sha256: "16db949ceee371e9b99d22f88fa3a73c4e59fd0afed0bd25fc336eb76c198b72"
      url: "https://pub.dev"
    source: hosted
    version: "0.12.13"
  material_color_utilities:
    dependency: transitive
    description:
      name: material_color_utilities
      sha256: d92141dc6fe1dad30722f9aa826c7fbc896d021d792f80678280601aff8cf724
      url: "https://pub.dev"
    source: hosted
    version: "0.2.0"
  meta:
    dependency: transitive
    description:
      name: meta
      sha256: "6c268b42ed578a53088d834796959e4a1814b5e9e164f147f580a386e5decf42"
      url: "https://pub.dev"
    source: hosted
    version: "1.8.0"
  nested:
    dependency: transitive
    description:
      name: nested
      sha256: "03bac4c528c64c95c722ec99280375a6f2fc708eec17c7b3f07253b626cd2a20"
      url: "https://pub.dev"
    source: hosted
    version: "1.0.0"
  path:
    dependency: transitive
    description:
      name: path
      sha256: db9d4f58c908a4ba5953fcee2ae317c94889433e5024c27ce74a37f94267945b
      url: "https://pub.dev"
    source: hosted
    version: "1.8.2"
  path_provider:
    dependency: transitive
    description:
      name: path_provider
      sha256: aa1b3572707c240d72569ce01756728cf0c8dca0cc381253d8ca2858c13edfe4
      url: "https://pub.dev"
    source: hosted
    version: "2.0.1"
  path_provider_linux:
    dependency: transitive
    description:
      name: path_provider_linux
      sha256: "938d2b6591587bcb009d2109a6ea464fd8fb2a75dc6423171b0d0afb1d27c708"
      url: "https://pub.dev"
    source: hosted
    version: "2.0.0"
  path_provider_macos:
    dependency: transitive
    description:
      name: path_provider_macos
      sha256: eb58b896ea3a504f0b0fa7870646bda6935a6f752b2a54df33f97070dacca8d4
      url: "https://pub.dev"
    source: hosted
    version: "2.0.0"
  path_provider_platform_interface:
    dependency: transitive
    description:
      name: path_provider_platform_interface
      sha256: c2af5a8a6369992d915f8933dfc23172071001359d17896e83db8be57db8a397
      url: "https://pub.dev"
    source: hosted
    version: "2.0.1"
  path_provider_windows:
    dependency: transitive
    description:
      name: path_provider_windows
      sha256: "99bb2d003df56a2a846e23f716bbf713a1d36d3e2a7d7e99ca4b01aeae80045a"
      url: "https://pub.dev"
    source: hosted
    version: "2.0.1"
  pedantic:
    dependency: "direct dev"
    description:
      name: pedantic
      sha256: "8f6460c77a98ad2807cd3b98c67096db4286f56166852d0ce5951bb600a63594"
      url: "https://pub.dev"
    source: hosted
    version: "1.11.0"
  petitparser:
    dependency: transitive
    description:
      name: petitparser
      sha256: "49392a45ced973e8d94a85fdb21293fbb40ba805fc49f2965101ae748a3683b4"
      url: "https://pub.dev"
    source: hosted
    version: "5.1.0"
  platform:
    dependency: transitive
    description:
      name: platform
      sha256: ebc79f16b5f6b609aad4a5e63447d4795d16f7adee46e93ed03200848c006735
      url: "https://pub.dev"
    source: hosted
    version: "3.0.0"
  plugin_platform_interface:
    dependency: transitive
    description:
      name: plugin_platform_interface
      sha256: c2c49e16d42fd6983eb55e44b7f197fdf16b4da7aab7f8e1d21da307cad3fb02
      url: "https://pub.dev"
    source: hosted
    version: "2.0.0"
  process:
    dependency: transitive
    description:
      name: process
      sha256: dc3c073b5bc0db4e0f3dbc6b69f8e9cf2f336dafb3db996242ebdacf94c295dd
      url: "https://pub.dev"
    source: hosted
    version: "4.2.1"
  provider:
    dependency: "direct main"
    description:
      name: provider
      sha256: "59471e0a4595e264625d3496af567ac85bdae1148ec985aff1e0555786f53ecf"
      url: "https://pub.dev"
    source: hosted
    version: "5.0.0"
  sky_engine:
    dependency: transitive
    description: flutter
    source: sdk
    version: "0.0.99"
  source_span:
    dependency: transitive
    description:
      name: source_span
      sha256: dd904f795d4b4f3b870833847c461801f6750a9fa8e61ea5ac53f9422b31f250
      url: "https://pub.dev"
    source: hosted
    version: "1.9.1"
  stack_trace:
    dependency: transitive
    description:
      name: stack_trace
      sha256: c3c7d8edb15bee7f0f74debd4b9c5f3c2ea86766fe4178eb2a18eb30a0bdaed5
      url: "https://pub.dev"
    source: hosted
    version: "1.11.0"
  stream_channel:
    dependency: transitive
    description:
      name: stream_channel
      sha256: "83615bee9045c1d322bbbd1ba209b7a749c2cbcdcb3fdd1df8eb488b3279c1c8"
      url: "https://pub.dev"
    source: hosted
    version: "2.1.1"
  string_scanner:
    dependency: transitive
    description:
      name: string_scanner
      sha256: "556692adab6cfa87322a115640c11f13cb77b3f076ddcc5d6ae3c20242bedcde"
      url: "https://pub.dev"
    source: hosted
    version: "1.2.0"
  super_tooltip:
    dependency: "direct main"
    description:
      path: "."
      ref: master
      resolved-ref: "3f5e46ec7501e05bbb2f72611f7c10534760b644"
      url: "git://github.com/tcd93/super_tooltip"
    source: git
    version: "0.10.0"
  term_glyph:
    dependency: transitive
    description:
      name: term_glyph
      sha256: a29248a84fbb7c79282b40b8c72a1209db169a2e0542bce341da992fe1bc7e84
      url: "https://pub.dev"
    source: hosted
    version: "1.2.1"
  test_api:
    dependency: transitive
    description:
      name: test_api
      sha256: ad540f65f92caa91bf21dfc8ffb8c589d6e4dc0c2267818b4cc2792857706206
      url: "https://pub.dev"
    source: hosted
    version: "0.4.16"
  typed_data:
    dependency: transitive
    description:
      name: typed_data
      sha256: "53bdf7e979cfbf3e28987552fd72f637e63f3c8724c9e56d9246942dc2fa36ee"
      url: "https://pub.dev"
    source: hosted
    version: "1.3.0"
  vector_math:
    dependency: transitive
    description:
      name: vector_math
      sha256: "80b3257d1492ce4d091729e3a67a60407d227c27241d6927be0130c98e741803"
      url: "https://pub.dev"
    source: hosted
    version: "2.1.4"
  win32:
    dependency: transitive
    description:
      name: win32
      sha256: bcaf2920593b7375c8693fa54e12831c8cf38bc288aac70845de55e8ac1a4445
      url: "https://pub.dev"
    source: hosted
    version: "2.1.0"
  xdg_directories:
    dependency: transitive
    description:
      name: xdg_directories
      sha256: "0186b3f2d66be9a12b0295bddcf8b6f8c0b0cc2f85c6287344e2a6366bc28457"
      url: "https://pub.dev"
    source: hosted
    version: "0.2.0"
  xml:
    dependency: transitive
    description:
      name: xml
      sha256: "979ee37d622dec6365e2efa4d906c37470995871fe9ae080d967e192d88286b5"
      url: "https://pub.dev"
    source: hosted
    version: "6.2.2"
  yaml:
    dependency: transitive
    description:
      name: yaml
      sha256: "75769501ea3489fca56601ff33454fe45507ea3bfb014161abc3b43ae25989d5"
      url: "https://pub.dev"
    source: hosted
    version: "3.1.2"
sdks:
  dart: ">=2.19.0 <3.0.0"
  flutter: ">=1.20.0"
